
Microsoft Visual Studio Solution File, Format Version 12.00
# Visual Studio Version 17
VisualStudioVersion = 17.2.32630.192
MinimumVisualStudioVersion = 10.0.40219.1
Project("{9A19103F-16F7-4668-BE54-9A1E7A4F7556}") = "task3lab1Tprog", "task3lab1Tprog\task3lab1Tprog.csproj", "{5B17A652-A996-4FDB-98B8-C90EE021E919}"
EndProject
Project("{FAE04EC0-301F-11D3-BF4B-00C04F79EFBC}") = "task3lab1TprogTests", "task3lab1TprogTests\task3lab1TprogTests.csproj", "{68AA63B2-791B-4179-AE9D-9D0969AFA76C}"
EndProject
Global
	GlobalSection(SolutionConfigurationPlatforms) = preSolution
		Debug|Any CPU = Debug|Any CPU
		Release|Any CPU = Release|Any CPU
	EndGlobalSection
	GlobalSection(ProjectConfigurationPlatforms) = postSolution
		{5B17A652-A996-4FDB-98B8-C90EE021E919}.Debug|Any CPU.ActiveCfg = Debug|Any CPU
		{5B17A652-A996-4FDB-98B8-C90EE021E919}.Debug|Any CPU.Build.0 = Debug|Any CPU
		{5B17A652-A996-4FDB-98B8-C90EE021E919}.Release|Any CPU.ActiveCfg = Release|Any CPU
		{5B17A652-A996-4FDB-98B8-C90EE021E919}.Release|Any CPU.Build.0 = Release|Any CPU
		{68AA63B2-791B-4179-AE9D-9D0969AFA76C}.Debug|Any CPU.ActiveCfg = Debug|Any CPU
		{68AA63B2-791B-4179-AE9D-9D0969AFA76C}.Debug|Any CPU.Build.0 = Debug|Any CPU
		{68AA63B2-791B-4179-AE9D-9D0969AFA76C}.Release|Any CPU.ActiveCfg = Release|Any CPU
		{68AA63B2-791B-4179-AE9D-9D0969AFA76C}.Release|Any CPU.Build.0 = Release|Any CPU
	EndGlobalSection
	GlobalSection(SolutionProperties) = preSolution
		HideSolutionNode = FALSE
	EndGlobalSection
	GlobalSection(ExtensibilityGlobals) = postSolution
		SolutionGuid = {5BBC17CB-CC5B-4EB0-9C68-4968C37B5402}
	EndGlobalSection
EndGlobal
